
Microsoft Visual Studio Solution File, Format Version 12.00
# Visual Studio Version 16
VisualStudioVersion = 16.0.29409.12
MinimumVisualStudioVersion = 10.0.40219.1
Project("{FAE04EC0-301F-11D3-BF4B-00C04F79EFBC}") = "EyeReminder", "EyeReminder\EyeReminder.csproj", "{FF788776-FCB2-45E9-AA6F-823D3997752F}"
EndProject
Global
	GlobalSection(SolutionConfigurationPlatforms) = preSolution
		Debug|Any CPU = Debug|Any CPU
		Release|Any CPU = Release|Any CPU
	EndGlobalSection
	GlobalSection(ProjectConfigurationPlatforms) = postSolution
		{FF788776-FCB2-45E9-AA6F-823D3997752F}.Debug|Any CPU.ActiveCfg = Debug|Any CPU
		{FF788776-FCB2-45E9-AA6F-823D3997752F}.Debug|Any CPU.Build.0 = Debug|Any CPU
		{FF788776-FCB2-45E9-AA6F-823D3997752F}.Release|Any CPU.ActiveCfg = Release|Any CPU
		{FF788776-FCB2-45E9-AA6F-823D3997752F}.Release|Any CPU.Build.0 = Release|Any CPU
	EndGlobalSection
	GlobalSection(SolutionProperties) = preSolution
		HideSolutionNode = FALSE
	EndGlobalSection
	GlobalSection(ExtensibilityGlobals) = postSolution
		SolutionGuid = {6F4E2184-C9E7-493D-96A0-5E7750049091}
	EndGlobalSection
EndGlobal
